
Microsoft Visual Studio Solution File, Format Version 12.00
# Visual Studio Version 17
VisualStudioVersion = 17.4.33213.308
MinimumVisualStudioVersion = 10.0.40219.1
Project("{2150E333-8FDC-42A3-9474-1A3956D46DE8}") = "src", "src", "{53222498-29CF-4D3C-B016-9A88F5387400}"
EndProject
Project("{2150E333-8FDC-42A3-9474-1A3956D46DE8}") = "test", "test", "{D69BA951-91F0-4BCD-97D2-77414F8B07A9}"
EndProject
Project("{9A19103F-16F7-4668-BE54-9A1E7A4F7556}") = "NetUV.Core", "src\NetUV.Core\NetUV.Core.csproj", "{AC13A407-109E-4928-8227-137FFC80F7D6}"
EndProject
Global
	GlobalSection(SolutionConfigurationPlatforms) = preSolution
		Debug|Any CPU = Debug|Any CPU
		Release|Any CPU = Release|Any CPU
	EndGlobalSection
	GlobalSection(ProjectConfigurationPlatforms) = postSolution
		{AC13A407-109E-4928-8227-137FFC80F7D6}.Debug|Any CPU.ActiveCfg = Debug|Any CPU
		{AC13A407-109E-4928-8227-137FFC80F7D6}.Debug|Any CPU.Build.0 = Debug|Any CPU
		{AC13A407-109E-4928-8227-137FFC80F7D6}.Release|Any CPU.ActiveCfg = Release|Any CPU
		{AC13A407-109E-4928-8227-137FFC80F7D6}.Release|Any CPU.Build.0 = Release|Any CPU
	EndGlobalSection
	GlobalSection(SolutionProperties) = preSolution
		HideSolutionNode = FALSE
	EndGlobalSection
	GlobalSection(NestedProjects) = preSolution
		{AC13A407-109E-4928-8227-137FFC80F7D6} = {53222498-29CF-4D3C-B016-9A88F5387400}
	EndGlobalSection
	GlobalSection(ExtensibilityGlobals) = postSolution
		SolutionGuid = {03E7775C-A8DE-4110-8CDD-A9603217A28C}
	EndGlobalSection
EndGlobal
